
Microsoft Visual Studio Solution File, Format Version 12.00
# Visual Studio Version 17
VisualStudioVersion = 17.13.35919.96
MinimumVisualStudioVersion = 10.0.40219.1
Project("{FAE04EC0-301F-11D3-BF4B-00C04F79EFBC}") = "ProjetoLogin", "ProjetoLogin.csproj", "{87410EDE-3817-4264-B342-09C653901B20}"
EndProject
Project("{2150E333-8FDC-42A3-9474-1A3956D46DE8}") = "Itens de Solução", "Itens de Solução", "{380A7511-A354-6D7A-0CC0-8FA1F1BA7B6C}"
	ProjectSection(SolutionItems) = preProject
		Usuario.cs = Usuario.cs
		UsuarioRepositorio.cs = UsuarioRepositorio.cs
	EndProjectSection
EndProject
Global
	GlobalSection(SolutionConfigurationPlatforms) = preSolution
		Debug|Any CPU = Debug|Any CPU
		Release|Any CPU = Release|Any CPU
	EndGlobalSection
	GlobalSection(ProjectConfigurationPlatforms) = postSolution
		{87410EDE-3817-4264-B342-09C653901B20}.Debug|Any CPU.ActiveCfg = Debug|Any CPU
		{87410EDE-3817-4264-B342-09C653901B20}.Debug|Any CPU.Build.0 = Debug|Any CPU
		{87410EDE-3817-4264-B342-09C653901B20}.Release|Any CPU.ActiveCfg = Release|Any CPU
		{87410EDE-3817-4264-B342-09C653901B20}.Release|Any CPU.Build.0 = Release|Any CPU
	EndGlobalSection
	GlobalSection(SolutionProperties) = preSolution
		HideSolutionNode = FALSE
	EndGlobalSection
	GlobalSection(ExtensibilityGlobals) = postSolution
		SolutionGuid = {8FF73F6B-8D33-4FDE-90B3-1E88EAF180FB}
	EndGlobalSection
EndGlobal
